
Microsoft Visual Studio Solution File, Format Version 12.00
# Visual Studio 15
Project("{FAE04EC0-301F-11D3-BF4B-00C04F79EFBC}") = "Unity.Timeline", "Unity.Timeline.csproj", "{A705AB3C-EE84-ED78-B850-7D4A6C7BC776}"
EndProject
Project("{FAE04EC0-301F-11D3-BF4B-00C04F79EFBC}") = "Unity.2D.Animation.Editor", "Unity.2D.Animation.Editor.csproj", "{B6AEE0F7-CD78-556E-6725-2D6C003516CF}"
EndProject
Project("{FAE04EC0-301F-11D3-BF4B-00C04F79EFBC}") = "Unity.Timeline.Editor", "Unity.Timeline.Editor.csproj", "{B32AD50B-985E-2A29-3996-653D8396F2A4}"
EndProject
Project("{FAE04EC0-301F-11D3-BF4B-00C04F79EFBC}") = "Unity.TextMeshPro.Editor", "Unity.TextMeshPro.Editor.csproj", "{D0E8A789-A18C-D278-DC22-D6D755358C19}"
EndProject
Project("{FAE04EC0-301F-11D3-BF4B-00C04F79EFBC}") = "Unity.Burst", "Unity.Burst.csproj", "{D06A7FA9-CD44-12EA-E63E-9BDB60551375}"
EndProject
Project("{FAE04EC0-301F-11D3-BF4B-00C04F79EFBC}") = "Unity.PlasticSCM.Editor", "Unity.PlasticSCM.Editor.csproj", "{0472B7F5-CED3-F713-C76E-F7BEA038A809}"
EndProject
Project("{FAE04EC0-301F-11D3-BF4B-00C04F79EFBC}") = "Unity.2D.Psdimporter.Editor", "Unity.2D.Psdimporter.Editor.csproj", "{DB06E3AA-3048-74C3-2450-5922B90D20B2}"
EndProject
Project("{FAE04EC0-301F-11D3-BF4B-00C04F79EFBC}") = "Unity.Mathematics", "Unity.Mathematics.csproj", "{4CE3380C-6F89-7128-51DD-EC7AB1D7CE2B}"
EndProject
Project("{FAE04EC0-301F-11D3-BF4B-00C04F79EFBC}") = "Unity.2D.PixelPerfect.Editor", "Unity.2D.PixelPerfect.Editor.csproj", "{726BE5FE-E8AA-0137-78DC-35EC5C6A8A2E}"
EndProject
Project("{FAE04EC0-301F-11D3-BF4B-00C04F79EFBC}") = "Unity.2D.Common.Path.Editor", "Unity.2D.Common.Path.Editor.csproj", "{FE709169-C8C4-B24C-9389-00ED89C9B0B2}"
EndProject
Project("{FAE04EC0-301F-11D3-BF4B-00C04F79EFBC}") = "Unity.2D.IK.Runtime", "Unity.2D.IK.Runtime.csproj", "{46CEA231-C2B6-8C8C-A201-79C91A10A481}"
EndProject
Project("{FAE04EC0-301F-11D3-BF4B-00C04F79EFBC}") = "UnityEditor.TestRunner", "UnityEditor.TestRunner.csproj", "{005B8316-37C3-A6FC-EFE2-C66E14772678}"
EndProject
Project("{FAE04EC0-301F-11D3-BF4B-00C04F79EFBC}") = "PsdPlugin", "PsdPlugin.csproj", "{4E1BBF69-5C68-7DBD-5B85-F3C4F6560732}"
EndProject
Project("{FAE04EC0-301F-11D3-BF4B-00C04F79EFBC}") = "UnityEngine.TestRunner", "UnityEngine.TestRunner.csproj", "{25881BCA-06AF-D9DC-96E7-C9296EE6826B}"
EndProject
Project("{FAE04EC0-301F-11D3-BF4B-00C04F79EFBC}") = "Unity.2D.IK.Editor", "Unity.2D.IK.Editor.csproj", "{0C49A0B3-501C-38B9-674C-3FB86946AC09}"
EndProject
Project("{FAE04EC0-301F-11D3-BF4B-00C04F79EFBC}") = "Unity.Rider.Editor", "Unity.Rider.Editor.csproj", "{467F2018-02B4-E7DA-AE9D-66AE5D9800D3}"
EndProject
Project("{FAE04EC0-301F-11D3-BF4B-00C04F79EFBC}") = "Unity.Collections", "Unity.Collections.csproj", "{F9856B7D-C862-C7D4-2908-7915648DA898}"
EndProject
Project("{FAE04EC0-301F-11D3-BF4B-00C04F79EFBC}") = "Unity.TextMeshPro", "Unity.TextMeshPro.csproj", "{6553C48E-CA88-65F1-BAC0-2020DD27D71A}"
EndProject
Project("{FAE04EC0-301F-11D3-BF4B-00C04F79EFBC}") = "Assembly-CSharp", "Assembly-CSharp.csproj", "{90DF053D-DA48-E2E7-B7A3-F4AD3CDE9E6D}"
EndProject
Project("{FAE04EC0-301F-11D3-BF4B-00C04F79EFBC}") = "Unity.AI.Navigation.Editor", "Unity.AI.Navigation.Editor.csproj", "{ECBBAE1F-28AF-4561-2C0F-BA823049AEB1}"
EndProject
Project("{FAE04EC0-301F-11D3-BF4B-00C04F79EFBC}") = "Unity.VisualStudio.Editor", "Unity.VisualStudio.Editor.csproj", "{9E5A4723-7067-5366-AF5E-4BAF5ECBA8BA}"
EndProject
Project("{FAE04EC0-301F-11D3-BF4B-00C04F79EFBC}") = "Unity.2D.SpriteShape.Editor", "Unity.2D.SpriteShape.Editor.csproj", "{49EA0A98-DDAD-975D-57B8-74AE899ACE92}"
EndProject
Project("{FAE04EC0-301F-11D3-BF4B-00C04F79EFBC}") = "Unity.2D.PixelPerfect", "Unity.2D.PixelPerfect.csproj", "{A2FB2F85-35F6-AF7A-435E-3C878C66CA2E}"
EndProject
Project("{FAE04EC0-301F-11D3-BF4B-00C04F79EFBC}") = "Unity.InternalAPIEditorBridge.001", "Unity.InternalAPIEditorBridge.001.csproj", "{CB88DCDB-2392-B294-103E-8DA9D21759FC}"
EndProject
Project("{FAE04EC0-301F-11D3-BF4B-00C04F79EFBC}") = "Unity.2D.SpriteShape.Runtime", "Unity.2D.SpriteShape.Runtime.csproj", "{3BB96201-C478-9340-E439-764ACD691316}"
EndProject
Project("{FAE04EC0-301F-11D3-BF4B-00C04F79EFBC}") = "Unity.AI.Navigation", "Unity.AI.Navigation.csproj", "{28473ED2-E6A9-9E67-52E1-3863D285BD4B}"
EndProject
Project("{FAE04EC0-301F-11D3-BF4B-00C04F79EFBC}") = "Unity.2D.Animation.Runtime", "Unity.2D.Animation.Runtime.csproj", "{491F4974-27B9-4B3D-71BF-0E9A1A8A3401}"
EndProject
Project("{FAE04EC0-301F-11D3-BF4B-00C04F79EFBC}") = "Unity.AI.Navigation.Editor.ConversionSystem", "Unity.AI.Navigation.Editor.ConversionSystem.csproj", "{766CE77B-F991-3803-BC29-EB6E0D0A15DF}"
EndProject
Project("{FAE04EC0-301F-11D3-BF4B-00C04F79EFBC}") = "Unity.Burst.CodeGen", "Unity.Burst.CodeGen.csproj", "{5D12E1BD-2EC6-927E-3ABD-59C77584AF5F}"
EndProject
Project("{FAE04EC0-301F-11D3-BF4B-00C04F79EFBC}") = "Unity.Burst.Editor", "Unity.Burst.Editor.csproj", "{D5F6B949-9E41-E243-276C-7FBB6C2EDEC7}"
EndProject
Project("{FAE04EC0-301F-11D3-BF4B-00C04F79EFBC}") = "Unity.Collections.BurstCompatibilityGen", "Unity.Collections.BurstCompatibilityGen.csproj", "{19128F6C-779D-7DA3-D37D-2BE6E37C8E98}"
EndProject
Project("{FAE04EC0-301F-11D3-BF4B-00C04F79EFBC}") = "Unity.VSCode.Editor", "Unity.VSCode.Editor.csproj", "{03851EA7-693B-E513-93F8-D657A89ACF46}"
EndProject
Project("{FAE04EC0-301F-11D3-BF4B-00C04F79EFBC}") = "Unity.2D.Common.Editor", "Unity.2D.Common.Editor.csproj", "{48843ACF-D139-EA4E-7CC7-32185EB9EAD7}"
EndProject
Project("{FAE04EC0-301F-11D3-BF4B-00C04F79EFBC}") = "Unity.InternalAPIEngineBridge.001", "Unity.InternalAPIEngineBridge.001.csproj", "{E9A446F1-FA3A-01FE-DCFF-D0DE678A0668}"
EndProject
Project("{FAE04EC0-301F-11D3-BF4B-00C04F79EFBC}") = "Unity.AI.Navigation.Updater", "Unity.AI.Navigation.Updater.csproj", "{DE6B5C65-291D-8C9F-3493-573DB32B7CEF}"
EndProject
Project("{FAE04EC0-301F-11D3-BF4B-00C04F79EFBC}") = "Unity.2D.Common.Runtime", "Unity.2D.Common.Runtime.csproj", "{B49C047B-14D6-3475-5205-4511894A6840}"
EndProject
Project("{FAE04EC0-301F-11D3-BF4B-00C04F79EFBC}") = "Unity.Collections.DocCodeSamples", "Unity.Collections.DocCodeSamples.csproj", "{FDE49DCC-24F6-95DA-8315-68B9ECB57CEC}"
EndProject
Project("{FAE04EC0-301F-11D3-BF4B-00C04F79EFBC}") = "Unity.CollabProxy.Editor", "Unity.CollabProxy.Editor.csproj", "{E26A63BE-96FB-6DC0-D79F-DA5246B42392}"
EndProject
Project("{FAE04EC0-301F-11D3-BF4B-00C04F79EFBC}") = "Unity.Mathematics.Editor", "Unity.Mathematics.Editor.csproj", "{79FE1F67-1421-272B-16C6-3F85C1D38919}"
EndProject
Global
	GlobalSection(SolutionConfigurationPlatforms) = preSolution
		Debug|Any CPU = Debug|Any CPU
		Release|Any CPU = Release|Any CPU
	EndGlobalSection
	GlobalSection(ProjectConfigurationPlatforms) = postSolution
		{A705AB3C-EE84-ED78-B850-7D4A6C7BC776}.Debug|Any CPU.ActiveCfg = Debug|Any CPU
		{A705AB3C-EE84-ED78-B850-7D4A6C7BC776}.Debug|Any CPU.Build.0 = Debug|Any CPU
		{A705AB3C-EE84-ED78-B850-7D4A6C7BC776}.Release|Any CPU.ActiveCfg = Release|Any CPU
		{A705AB3C-EE84-ED78-B850-7D4A6C7BC776}.Release|Any CPU.Build.0 = Release|Any CPU
		{B6AEE0F7-CD78-556E-6725-2D6C003516CF}.Debug|Any CPU.ActiveCfg = Debug|Any CPU
		{B6AEE0F7-CD78-556E-6725-2D6C003516CF}.Debug|Any CPU.Build.0 = Debug|Any CPU
		{B6AEE0F7-CD78-556E-6725-2D6C003516CF}.Release|Any CPU.ActiveCfg = Release|Any CPU
		{B6AEE0F7-CD78-556E-6725-2D6C003516CF}.Release|Any CPU.Build.0 = Release|Any CPU
		{B32AD50B-985E-2A29-3996-653D8396F2A4}.Debug|Any CPU.ActiveCfg = Debug|Any CPU
		{B32AD50B-985E-2A29-3996-653D8396F2A4}.Debug|Any CPU.Build.0 = Debug|Any CPU
		{B32AD50B-985E-2A29-3996-653D8396F2A4}.Release|Any CPU.ActiveCfg = Release|Any CPU
		{B32AD50B-985E-2A29-3996-653D8396F2A4}.Release|Any CPU.Build.0 = Release|Any CPU
		{D0E8A789-A18C-D278-DC22-D6D755358C19}.Debug|Any CPU.ActiveCfg = Debug|Any CPU
		{D0E8A789-A18C-D278-DC22-D6D755358C19}.Debug|Any CPU.Build.0 = Debug|Any CPU
		{D0E8A789-A18C-D278-DC22-D6D755358C19}.Release|Any CPU.ActiveCfg = Release|Any CPU
		{D0E8A789-A18C-D278-DC22-D6D755358C19}.Release|Any CPU.Build.0 = Release|Any CPU
		{D06A7FA9-CD44-12EA-E63E-9BDB60551375}.Debug|Any CPU.ActiveCfg = Debug|Any CPU
		{D06A7FA9-CD44-12EA-E63E-9BDB60551375}.Debug|Any CPU.Build.0 = Debug|Any CPU
		{D06A7FA9-CD44-12EA-E63E-9BDB60551375}.Release|Any CPU.ActiveCfg = Release|Any CPU
		{D06A7FA9-CD44-12EA-E63E-9BDB60551375}.Release|Any CPU.Build.0 = Release|Any CPU
		{0472B7F5-CED3-F713-C76E-F7BEA038A809}.Debug|Any CPU.ActiveCfg = Debug|Any CPU
		{0472B7F5-CED3-F713-C76E-F7BEA038A809}.Debug|Any CPU.Build.0 = Debug|Any CPU
		{0472B7F5-CED3-F713-C76E-F7BEA038A809}.Release|Any CPU.ActiveCfg = Release|Any CPU
		{0472B7F5-CED3-F713-C76E-F7BEA038A809}.Release|Any CPU.Build.0 = Release|Any CPU
		{DB06E3AA-3048-74C3-2450-5922B90D20B2}.Debug|Any CPU.ActiveCfg = Debug|Any CPU
		{DB06E3AA-3048-74C3-2450-5922B90D20B2}.Debug|Any CPU.Build.0 = Debug|Any CPU
		{DB06E3AA-3048-74C3-2450-5922B90D20B2}.Release|Any CPU.ActiveCfg = Release|Any CPU
		{DB06E3AA-3048-74C3-2450-5922B90D20B2}.Release|Any CPU.Build.0 = Release|Any CPU
		{4CE3380C-6F89-7128-51DD-EC7AB1D7CE2B}.Debug|Any CPU.ActiveCfg = Debug|Any CPU
		{4CE3380C-6F89-7128-51DD-EC7AB1D7CE2B}.Debug|Any CPU.Build.0 = Debug|Any CPU
		{4CE3380C-6F89-7128-51DD-EC7AB1D7CE2B}.Release|Any CPU.ActiveCfg = Release|Any CPU
		{4CE3380C-6F89-7128-51DD-EC7AB1D7CE2B}.Release|Any CPU.Build.0 = Release|Any CPU
		{726BE5FE-E8AA-0137-78DC-35EC5C6A8A2E}.Debug|Any CPU.ActiveCfg = Debug|Any CPU
		{726BE5FE-E8AA-0137-78DC-35EC5C6A8A2E}.Debug|Any CPU.Build.0 = Debug|Any CPU
		{726BE5FE-E8AA-0137-78DC-35EC5C6A8A2E}.Release|Any CPU.ActiveCfg = Release|Any CPU
		{726BE5FE-E8AA-0137-78DC-35EC5C6A8A2E}.Release|Any CPU.Build.0 = Release|Any CPU
		{FE709169-C8C4-B24C-9389-00ED89C9B0B2}.Debug|Any CPU.ActiveCfg = Debug|Any CPU
		{FE709169-C8C4-B24C-9389-00ED89C9B0B2}.Debug|Any CPU.Build.0 = Debug|Any CPU
		{FE709169-C8C4-B24C-9389-00ED89C9B0B2}.Release|Any CPU.ActiveCfg = Release|Any CPU
		{FE709169-C8C4-B24C-9389-00ED89C9B0B2}.Release|Any CPU.Build.0 = Release|Any CPU
		{46CEA231-C2B6-8C8C-A201-79C91A10A481}.Debug|Any CPU.ActiveCfg = Debug|Any CPU
		{46CEA231-C2B6-8C8C-A201-79C91A10A481}.Debug|Any CPU.Build.0 = Debug|Any CPU
		{46CEA231-C2B6-8C8C-A201-79C91A10A481}.Release|Any CPU.ActiveCfg = Release|Any CPU
		{46CEA231-C2B6-8C8C-A201-79C91A10A481}.Release|Any CPU.Build.0 = Release|Any CPU
		{005B8316-37C3-A6FC-EFE2-C66E14772678}.Debug|Any CPU.ActiveCfg = Debug|Any CPU
		{005B8316-37C3-A6FC-EFE2-C66E14772678}.Debug|Any CPU.Build.0 = Debug|Any CPU
		{005B8316-37C3-A6FC-EFE2-C66E14772678}.Release|Any CPU.ActiveCfg = Release|Any CPU
		{005B8316-37C3-A6FC-EFE2-C66E14772678}.Release|Any CPU.Build.0 = Release|Any CPU
		{4E1BBF69-5C68-7DBD-5B85-F3C4F6560732}.Debug|Any CPU.ActiveCfg = Debug|Any CPU
		{4E1BBF69-5C68-7DBD-5B85-F3C4F6560732}.Debug|Any CPU.Build.0 = Debug|Any CPU
		{4E1BBF69-5C68-7DBD-5B85-F3C4F6560732}.Release|Any CPU.ActiveCfg = Release|Any CPU
		{4E1BBF69-5C68-7DBD-5B85-F3C4F6560732}.Release|Any CPU.Build.0 = Release|Any CPU
		{25881BCA-06AF-D9DC-96E7-C9296EE6826B}.Debug|Any CPU.ActiveCfg = Debug|Any CPU
		{25881BCA-06AF-D9DC-96E7-C9296EE6826B}.Debug|Any CPU.Build.0 = Debug|Any CPU
		{25881BCA-06AF-D9DC-96E7-C9296EE6826B}.Release|Any CPU.ActiveCfg = Release|Any CPU
		{25881BCA-06AF-D9DC-96E7-C9296EE6826B}.Release|Any CPU.Build.0 = Release|Any CPU
		{0C49A0B3-501C-38B9-674C-3FB86946AC09}.Debug|Any CPU.ActiveCfg = Debug|Any CPU
		{0C49A0B3-501C-38B9-674C-3FB86946AC09}.Debug|Any CPU.Build.0 = Debug|Any CPU
		{0C49A0B3-501C-38B9-674C-3FB86946AC09}.Release|Any CPU.ActiveCfg = Release|Any CPU
		{0C49A0B3-501C-38B9-674C-3FB86946AC09}.Release|Any CPU.Build.0 = Release|Any CPU
		{467F2018-02B4-E7DA-AE9D-66AE5D9800D3}.Debug|Any CPU.ActiveCfg = Debug|Any CPU
		{467F2018-02B4-E7DA-AE9D-66AE5D9800D3}.Debug|Any CPU.Build.0 = Debug|Any CPU
		{467F2018-02B4-E7DA-AE9D-66AE5D9800D3}.Release|Any CPU.ActiveCfg = Release|Any CPU
		{467F2018-02B4-E7DA-AE9D-66AE5D9800D3}.Release|Any CPU.Build.0 = Release|Any CPU
		{F9856B7D-C862-C7D4-2908-7915648DA898}.Debug|Any CPU.ActiveCfg = Debug|Any CPU
		{F9856B7D-C862-C7D4-2908-7915648DA898}.Debug|Any CPU.Build.0 = Debug|Any CPU
		{F9856B7D-C862-C7D4-2908-7915648DA898}.Release|Any CPU.ActiveCfg = Release|Any CPU
		{F9856B7D-C862-C7D4-2908-7915648DA898}.Release|Any CPU.Build.0 = Release|Any CPU
		{6553C48E-CA88-65F1-BAC0-2020DD27D71A}.Debug|Any CPU.ActiveCfg = Debug|Any CPU
		{6553C48E-CA88-65F1-BAC0-2020DD27D71A}.Debug|Any CPU.Build.0 = Debug|Any CPU
		{6553C48E-CA88-65F1-BAC0-2020DD27D71A}.Release|Any CPU.ActiveCfg = Release|Any CPU
		{6553C48E-CA88-65F1-BAC0-2020DD27D71A}.Release|Any CPU.Build.0 = Release|Any CPU
		{90DF053D-DA48-E2E7-B7A3-F4AD3CDE9E6D}.Debug|Any CPU.ActiveCfg = Debug|Any CPU
		{90DF053D-DA48-E2E7-B7A3-F4AD3CDE9E6D}.Debug|Any CPU.Build.0 = Debug|Any CPU
		{90DF053D-DA48-E2E7-B7A3-F4AD3CDE9E6D}.Release|Any CPU.ActiveCfg = Release|Any CPU
		{90DF053D-DA48-E2E7-B7A3-F4AD3CDE9E6D}.Release|Any CPU.Build.0 = Release|Any CPU
		{ECBBAE1F-28AF-4561-2C0F-BA823049AEB1}.Debug|Any CPU.ActiveCfg = Debug|Any CPU
		{ECBBAE1F-28AF-4561-2C0F-BA823049AEB1}.Debug|Any CPU.Build.0 = Debug|Any CPU
		{ECBBAE1F-28AF-4561-2C0F-BA823049AEB1}.Release|Any CPU.ActiveCfg = Release|Any CPU
		{ECBBAE1F-28AF-4561-2C0F-BA823049AEB1}.Release|Any CPU.Build.0 = Release|Any CPU
		{9E5A4723-7067-5366-AF5E-4BAF5ECBA8BA}.Debug|Any CPU.ActiveCfg = Debug|Any CPU
		{9E5A4723-7067-5366-AF5E-4BAF5ECBA8BA}.Debug|Any CPU.Build.0 = Debug|Any CPU
		{9E5A4723-7067-5366-AF5E-4BAF5ECBA8BA}.Release|Any CPU.ActiveCfg = Release|Any CPU
		{9E5A4723-7067-5366-AF5E-4BAF5ECBA8BA}.Release|Any CPU.Build.0 = Release|Any CPU
		{49EA0A98-DDAD-975D-57B8-74AE899ACE92}.Debug|Any CPU.ActiveCfg = Debug|Any CPU
		{49EA0A98-DDAD-975D-57B8-74AE899ACE92}.Debug|Any CPU.Build.0 = Debug|Any CPU
		{49EA0A98-DDAD-975D-57B8-74AE899ACE92}.Release|Any CPU.ActiveCfg = Release|Any CPU
		{49EA0A98-DDAD-975D-57B8-74AE899ACE92}.Release|Any CPU.Build.0 = Release|Any CPU
		{A2FB2F85-35F6-AF7A-435E-3C878C66CA2E}.Debug|Any CPU.ActiveCfg = Debug|Any CPU
		{A2FB2F85-35F6-AF7A-435E-3C878C66CA2E}.Debug|Any CPU.Build.0 = Debug|Any CPU
		{A2FB2F85-35F6-AF7A-435E-3C878C66CA2E}.Release|Any CPU.ActiveCfg = Release|Any CPU
		{A2FB2F85-35F6-AF7A-435E-3C878C66CA2E}.Release|Any CPU.Build.0 = Release|Any CPU
		{CB88DCDB-2392-B294-103E-8DA9D21759FC}.Debug|Any CPU.ActiveCfg = Debug|Any CPU
		{CB88DCDB-2392-B294-103E-8DA9D21759FC}.Debug|Any CPU.Build.0 = Debug|Any CPU
		{CB88DCDB-2392-B294-103E-8DA9D21759FC}.Release|Any CPU.ActiveCfg = Release|Any CPU
		{CB88DCDB-2392-B294-103E-8DA9D21759FC}.Release|Any CPU.Build.0 = Release|Any CPU
		{3BB96201-C478-9340-E439-764ACD691316}.Debug|Any CPU.ActiveCfg = Debug|Any CPU
		{3BB96201-C478-9340-E439-764ACD691316}.Debug|Any CPU.Build.0 = Debug|Any CPU
		{3BB96201-C478-9340-E439-764ACD691316}.Release|Any CPU.ActiveCfg = Release|Any CPU
		{3BB96201-C478-9340-E439-764ACD691316}.Release|Any CPU.Build.0 = Release|Any CPU
		{28473ED2-E6A9-9E67-52E1-3863D285BD4B}.Debug|Any CPU.ActiveCfg = Debug|Any CPU
		{28473ED2-E6A9-9E67-52E1-3863D285BD4B}.Debug|Any CPU.Build.0 = Debug|Any CPU
		{28473ED2-E6A9-9E67-52E1-3863D285BD4B}.Release|Any CPU.ActiveCfg = Release|Any CPU
		{28473ED2-E6A9-9E67-52E1-3863D285BD4B}.Release|Any CPU.Build.0 = Release|Any CPU
		{491F4974-27B9-4B3D-71BF-0E9A1A8A3401}.Debug|Any CPU.ActiveCfg = Debug|Any CPU
		{491F4974-27B9-4B3D-71BF-0E9A1A8A3401}.Debug|Any CPU.Build.0 = Debug|Any CPU
		{491F4974-27B9-4B3D-71BF-0E9A1A8A3401}.Release|Any CPU.ActiveCfg = Release|Any CPU
		{491F4974-27B9-4B3D-71BF-0E9A1A8A3401}.Release|Any CPU.Build.0 = Release|Any CPU
		{766CE77B-F991-3803-BC29-EB6E0D0A15DF}.Debug|Any CPU.ActiveCfg = Debug|Any CPU
		{766CE77B-F991-3803-BC29-EB6E0D0A15DF}.Debug|Any CPU.Build.0 = Debug|Any CPU
		{766CE77B-F991-3803-BC29-EB6E0D0A15DF}.Release|Any CPU.ActiveCfg = Release|Any CPU
		{766CE77B-F991-3803-BC29-EB6E0D0A15DF}.Release|Any CPU.Build.0 = Release|Any CPU
		{5D12E1BD-2EC6-927E-3ABD-59C77584AF5F}.Debug|Any CPU.ActiveCfg = Debug|Any CPU
		{5D12E1BD-2EC6-927E-3ABD-59C77584AF5F}.Debug|Any CPU.Build.0 = Debug|Any CPU
		{5D12E1BD-2EC6-927E-3ABD-59C77584AF5F}.Release|Any CPU.ActiveCfg = Release|Any CPU
		{5D12E1BD-2EC6-927E-3ABD-59C77584AF5F}.Release|Any CPU.Build.0 = Release|Any CPU
		{D5F6B949-9E41-E243-276C-7FBB6C2EDEC7}.Debug|Any CPU.ActiveCfg = Debug|Any CPU
		{D5F6B949-9E41-E243-276C-7FBB6C2EDEC7}.Debug|Any CPU.Build.0 = Debug|Any CPU
		{D5F6B949-9E41-E243-276C-7FBB6C2EDEC7}.Release|Any CPU.ActiveCfg = Release|Any CPU
		{D5F6B949-9E41-E243-276C-7FBB6C2EDEC7}.Release|Any CPU.Build.0 = Release|Any CPU
		{19128F6C-779D-7DA3-D37D-2BE6E37C8E98}.Debug|Any CPU.ActiveCfg = Debug|Any CPU
		{19128F6C-779D-7DA3-D37D-2BE6E37C8E98}.Debug|Any CPU.Build.0 = Debug|Any CPU
		{19128F6C-779D-7DA3-D37D-2BE6E37C8E98}.Release|Any CPU.ActiveCfg = Release|Any CPU
		{19128F6C-779D-7DA3-D37D-2BE6E37C8E98}.Release|Any CPU.Build.0 = Release|Any CPU
		{03851EA7-693B-E513-93F8-D657A89ACF46}.Debug|Any CPU.ActiveCfg = Debug|Any CPU
		{03851EA7-693B-E513-93F8-D657A89ACF46}.Debug|Any CPU.Build.0 = Debug|Any CPU
		{03851EA7-693B-E513-93F8-D657A89ACF46}.Release|Any CPU.ActiveCfg = Release|Any CPU
		{03851EA7-693B-E513-93F8-D657A89ACF46}.Release|Any CPU.Build.0 = Release|Any CPU
		{48843ACF-D139-EA4E-7CC7-32185EB9EAD7}.Debug|Any CPU.ActiveCfg = Debug|Any CPU
		{48843ACF-D139-EA4E-7CC7-32185EB9EAD7}.Debug|Any CPU.Build.0 = Debug|Any CPU
		{48843ACF-D139-EA4E-7CC7-32185EB9EAD7}.Release|Any CPU.ActiveCfg = Release|Any CPU
		{48843ACF-D139-EA4E-7CC7-32185EB9EAD7}.Release|Any CPU.Build.0 = Release|Any CPU
		{E9A446F1-FA3A-01FE-DCFF-D0DE678A0668}.Debug|Any CPU.ActiveCfg = Debug|Any CPU
		{E9A446F1-FA3A-01FE-DCFF-D0DE678A0668}.Debug|Any CPU.Build.0 = Debug|Any CPU
		{E9A446F1-FA3A-01FE-DCFF-D0DE678A0668}.Release|Any CPU.ActiveCfg = Release|Any CPU
		{E9A446F1-FA3A-01FE-DCFF-D0DE678A0668}.Release|Any CPU.Build.0 = Release|Any CPU
		{DE6B5C65-291D-8C9F-3493-573DB32B7CEF}.Debug|Any CPU.ActiveCfg = Debug|Any CPU
		{DE6B5C65-291D-8C9F-3493-573DB32B7CEF}.Debug|Any CPU.Build.0 = Debug|Any CPU
		{DE6B5C65-291D-8C9F-3493-573DB32B7CEF}.Release|Any CPU.ActiveCfg = Release|Any CPU
		{DE6B5C65-291D-8C9F-3493-573DB32B7CEF}.Release|Any CPU.Build.0 = Release|Any CPU
		{B49C047B-14D6-3475-5205-4511894A6840}.Debug|Any CPU.ActiveCfg = Debug|Any CPU
		{B49C047B-14D6-3475-5205-4511894A6840}.Debug|Any CPU.Build.0 = Debug|Any CPU
		{B49C047B-14D6-3475-5205-4511894A6840}.Release|Any CPU.ActiveCfg = Release|Any CPU
		{B49C047B-14D6-3475-5205-4511894A6840}.Release|Any CPU.Build.0 = Release|Any CPU
		{FDE49DCC-24F6-95DA-8315-68B9ECB57CEC}.Debug|Any CPU.ActiveCfg = Debug|Any CPU
		{FDE49DCC-24F6-95DA-8315-68B9ECB57CEC}.Debug|Any CPU.Build.0 = Debug|Any CPU
		{FDE49DCC-24F6-95DA-8315-68B9ECB57CEC}.Release|Any CPU.ActiveCfg = Release|Any CPU
		{FDE49DCC-24F6-95DA-8315-68B9ECB57CEC}.Release|Any CPU.Build.0 = Release|Any CPU
		{E26A63BE-96FB-6DC0-D79F-DA5246B42392}.Debug|Any CPU.ActiveCfg = Debug|Any CPU
		{E26A63BE-96FB-6DC0-D79F-DA5246B42392}.Debug|Any CPU.Build.0 = Debug|Any CPU
		{E26A63BE-96FB-6DC0-D79F-DA5246B42392}.Release|Any CPU.ActiveCfg = Release|Any CPU
		{E26A63BE-96FB-6DC0-D79F-DA5246B42392}.Release|Any CPU.Build.0 = Release|Any CPU
		{79FE1F67-1421-272B-16C6-3F85C1D38919}.Debug|Any CPU.ActiveCfg = Debug|Any CPU
		{79FE1F67-1421-272B-16C6-3F85C1D38919}.Debug|Any CPU.Build.0 = Debug|Any CPU
		{79FE1F67-1421-272B-16C6-3F85C1D38919}.Release|Any CPU.ActiveCfg = Release|Any CPU
		{79FE1F67-1421-272B-16C6-3F85C1D38919}.Release|Any CPU.Build.0 = Release|Any CPU
	EndGlobalSection
	GlobalSection(SolutionProperties) = preSolution
		HideSolutionNode = FALSE
	EndGlobalSection
EndGlobal
